
Microsoft Visual Studio Solution File, Format Version 12.00
# Visual Studio Version 17
VisualStudioVersion = 17.11.35312.102
MinimumVisualStudioVersion = 10.0.40219.1
Project("{FAE04EC0-301F-11D3-BF4B-00C04F79EFBC}") = "NorthwindRestApi", "NorthwindRestApi\NorthwindRestApi.csproj", "{91B94191-DFE8-47FB-B3C1-D8DDC6F00888}"
EndProject
Global
	GlobalSection(SolutionConfigurationPlatforms) = preSolution
		Debug|Any CPU = Debug|Any CPU
		Release|Any CPU = Release|Any CPU
	EndGlobalSection
	GlobalSection(ProjectConfigurationPlatforms) = postSolution
		{91B94191-DFE8-47FB-B3C1-D8DDC6F00888}.Debug|Any CPU.ActiveCfg = Debug|Any CPU
		{91B94191-DFE8-47FB-B3C1-D8DDC6F00888}.Debug|Any CPU.Build.0 = Debug|Any CPU
		{91B94191-DFE8-47FB-B3C1-D8DDC6F00888}.Release|Any CPU.ActiveCfg = Release|Any CPU
		{91B94191-DFE8-47FB-B3C1-D8DDC6F00888}.Release|Any CPU.Build.0 = Release|Any CPU
	EndGlobalSection
	GlobalSection(SolutionProperties) = preSolution
		HideSolutionNode = FALSE
	EndGlobalSection
	GlobalSection(ExtensibilityGlobals) = postSolution
		SolutionGuid = {AF124AD0-3293-45D1-8DF7-99BF2A0BAB95}
	EndGlobalSection
EndGlobal
